
Microsoft Visual Studio Solution File, Format Version 12.00
# Visual Studio Version 17
VisualStudioVersion = 17.7.34009.444
MinimumVisualStudioVersion = 10.0.40219.1
Project("{FAE04EC0-301F-11D3-BF4B-00C04F79EFBC}") = "BlazorParametersAndState", "BlazorParametersAndState\BlazorParametersAndState.csproj", "{DF303D1C-A7C5-4FB3-A58A-C1CE5196FA45}"
EndProject
Global
	GlobalSection(SolutionConfigurationPlatforms) = preSolution
		Debug|Any CPU = Debug|Any CPU
		Release|Any CPU = Release|Any CPU
	EndGlobalSection
	GlobalSection(ProjectConfigurationPlatforms) = postSolution
		{DF303D1C-A7C5-4FB3-A58A-C1CE5196FA45}.Debug|Any CPU.ActiveCfg = Debug|Any CPU
		{DF303D1C-A7C5-4FB3-A58A-C1CE5196FA45}.Debug|Any CPU.Build.0 = Debug|Any CPU
		{DF303D1C-A7C5-4FB3-A58A-C1CE5196FA45}.Release|Any CPU.ActiveCfg = Release|Any CPU
		{DF303D1C-A7C5-4FB3-A58A-C1CE5196FA45}.Release|Any CPU.Build.0 = Release|Any CPU
	EndGlobalSection
	GlobalSection(SolutionProperties) = preSolution
		HideSolutionNode = FALSE
	EndGlobalSection
	GlobalSection(ExtensibilityGlobals) = postSolution
		SolutionGuid = {402AFD60-055E-4C90-B057-95435CD54CDA}
	EndGlobalSection
EndGlobal
